
Microsoft Visual Studio Solution File, Format Version 12.00
# Visual Studio Version 17
VisualStudioVersion = 17.5.33530.505
MinimumVisualStudioVersion = 10.0.40219.1
Project("{FAE04EC0-301F-11D3-BF4B-00C04F79EFBC}") = "jwtAuthenticationApi", "jwtAuthenticationApi.csproj", "{77059A90-A0D5-4431-B2C4-B34C46F7CE67}"
EndProject
Project("{FAE04EC0-301F-11D3-BF4B-00C04F79EFBC}") = "Domain", "..\Domain\Domain.csproj", "{01510708-B607-46A4-9A09-969A0068AFED}"
EndProject
Project("{FAE04EC0-301F-11D3-BF4B-00C04F79EFBC}") = "Infrastracture", "..\Infrastracture\Infrastracture.csproj", "{82BC75AE-971C-4EE5-9522-A5596D85C4A2}"
EndProject
Global
	GlobalSection(SolutionConfigurationPlatforms) = preSolution
		Debug|Any CPU = Debug|Any CPU
		Release|Any CPU = Release|Any CPU
	EndGlobalSection
	GlobalSection(ProjectConfigurationPlatforms) = postSolution
		{77059A90-A0D5-4431-B2C4-B34C46F7CE67}.Debug|Any CPU.ActiveCfg = Debug|Any CPU
		{77059A90-A0D5-4431-B2C4-B34C46F7CE67}.Debug|Any CPU.Build.0 = Debug|Any CPU
		{77059A90-A0D5-4431-B2C4-B34C46F7CE67}.Release|Any CPU.ActiveCfg = Release|Any CPU
		{77059A90-A0D5-4431-B2C4-B34C46F7CE67}.Release|Any CPU.Build.0 = Release|Any CPU
		{01510708-B607-46A4-9A09-969A0068AFED}.Debug|Any CPU.ActiveCfg = Debug|Any CPU
		{01510708-B607-46A4-9A09-969A0068AFED}.Debug|Any CPU.Build.0 = Debug|Any CPU
		{01510708-B607-46A4-9A09-969A0068AFED}.Release|Any CPU.ActiveCfg = Release|Any CPU
		{01510708-B607-46A4-9A09-969A0068AFED}.Release|Any CPU.Build.0 = Release|Any CPU
		{82BC75AE-971C-4EE5-9522-A5596D85C4A2}.Debug|Any CPU.ActiveCfg = Debug|Any CPU
		{82BC75AE-971C-4EE5-9522-A5596D85C4A2}.Debug|Any CPU.Build.0 = Debug|Any CPU
		{82BC75AE-971C-4EE5-9522-A5596D85C4A2}.Release|Any CPU.ActiveCfg = Release|Any CPU
		{82BC75AE-971C-4EE5-9522-A5596D85C4A2}.Release|Any CPU.Build.0 = Release|Any CPU
	EndGlobalSection
	GlobalSection(SolutionProperties) = preSolution
		HideSolutionNode = FALSE
	EndGlobalSection
	GlobalSection(ExtensibilityGlobals) = postSolution
		SolutionGuid = {3E958435-3D04-4EB4-AC0F-648C48C04FA1}
	EndGlobalSection
EndGlobal
